
Microsoft Visual Studio Solution File, Format Version 12.00
# Visual Studio Version 17
VisualStudioVersion = 17.9.34622.214
MinimumVisualStudioVersion = 10.0.40219.1
Project("{FAE04EC0-301F-11D3-BF4B-00C04F79EFBC}") = "Checkpoint 3", "Checkpoint 3\Checkpoint 3.csproj", "{9802486E-FFFA-4FFE-8900-8FCBA6B4CA86}"
EndProject
Global
	GlobalSection(SolutionConfigurationPlatforms) = preSolution
		Debug|Any CPU = Debug|Any CPU
		Release|Any CPU = Release|Any CPU
	EndGlobalSection
	GlobalSection(ProjectConfigurationPlatforms) = postSolution
		{9802486E-FFFA-4FFE-8900-8FCBA6B4CA86}.Debug|Any CPU.ActiveCfg = Debug|Any CPU
		{9802486E-FFFA-4FFE-8900-8FCBA6B4CA86}.Debug|Any CPU.Build.0 = Debug|Any CPU
		{9802486E-FFFA-4FFE-8900-8FCBA6B4CA86}.Release|Any CPU.ActiveCfg = Release|Any CPU
		{9802486E-FFFA-4FFE-8900-8FCBA6B4CA86}.Release|Any CPU.Build.0 = Release|Any CPU
	EndGlobalSection
	GlobalSection(SolutionProperties) = preSolution
		HideSolutionNode = FALSE
	EndGlobalSection
	GlobalSection(ExtensibilityGlobals) = postSolution
		SolutionGuid = {3D639A4E-1577-4F45-9895-59B21BED2E21}
	EndGlobalSection
EndGlobal
